
Microsoft Visual Studio Solution File, Format Version 12.00
# Visual Studio Version 17
VisualStudioVersion = 17.8.34316.72
MinimumVisualStudioVersion = 10.0.40219.1
Project("{FAE04EC0-301F-11D3-BF4B-00C04F79EFBC}") = "BowloutFreecam", "BowloutFreecam\BowloutFreecam.csproj", "{6067A6AC-2D09-48F2-B603-8A8DEDE85509}"
EndProject
Global
	GlobalSection(SolutionConfigurationPlatforms) = preSolution
		Debug|Any CPU = Debug|Any CPU
		Release|Any CPU = Release|Any CPU
	EndGlobalSection
	GlobalSection(ProjectConfigurationPlatforms) = postSolution
		{6067A6AC-2D09-48F2-B603-8A8DEDE85509}.Debug|Any CPU.ActiveCfg = Debug|Any CPU
		{6067A6AC-2D09-48F2-B603-8A8DEDE85509}.Debug|Any CPU.Build.0 = Debug|Any CPU
		{6067A6AC-2D09-48F2-B603-8A8DEDE85509}.Release|Any CPU.ActiveCfg = Release|Any CPU
		{6067A6AC-2D09-48F2-B603-8A8DEDE85509}.Release|Any CPU.Build.0 = Release|Any CPU
	EndGlobalSection
	GlobalSection(SolutionProperties) = preSolution
		HideSolutionNode = FALSE
	EndGlobalSection
	GlobalSection(ExtensibilityGlobals) = postSolution
		SolutionGuid = {24D5C38A-3B32-4F6E-9AC3-E825424A8E11}
	EndGlobalSection
EndGlobal
